
Microsoft Visual Studio Solution File, Format Version 12.00
# Visual Studio 15
VisualStudioVersion = 15.0.27703.2000
MinimumVisualStudioVersion = 10.0.40219.1
Project("{FAE04EC0-301F-11D3-BF4B-00C04F79EFBC}") = "WebApplication1", "WebApplication1\WebApplication1.csproj", "{347B5554-633B-4106-AD2E-26FB1F9ED07A}"
EndProject
Global
	GlobalSection(SolutionConfigurationPlatforms) = preSolution
		Debug|Any CPU = Debug|Any CPU
		Release|Any CPU = Release|Any CPU
	EndGlobalSection
	GlobalSection(ProjectConfigurationPlatforms) = postSolution
		{347B5554-633B-4106-AD2E-26FB1F9ED07A}.Debug|Any CPU.ActiveCfg = Debug|Any CPU
		{347B5554-633B-4106-AD2E-26FB1F9ED07A}.Debug|Any CPU.Build.0 = Debug|Any CPU
		{347B5554-633B-4106-AD2E-26FB1F9ED07A}.Release|Any CPU.ActiveCfg = Release|Any CPU
		{347B5554-633B-4106-AD2E-26FB1F9ED07A}.Release|Any CPU.Build.0 = Release|Any CPU
	EndGlobalSection
	GlobalSection(SolutionProperties) = preSolution
		HideSolutionNode = FALSE
	EndGlobalSection
	GlobalSection(ExtensibilityGlobals) = postSolution
		SolutionGuid = {6C1DF47D-74F3-4848-A456-7F020970536A}
	EndGlobalSection
EndGlobal
