
Microsoft Visual Studio Solution File, Format Version 12.00
# Visual Studio 15
VisualStudioVersion = 15.0.27703.2000
MinimumVisualStudioVersion = 10.0.40219.1
Project("{9A19103F-16F7-4668-BE54-9A1E7A4F7556}") = "Contoso", "Contoso\Contoso.csproj", "{B3A536FA-5753-489A-9A53-9FB491BBF760}"
EndProject
Project("{FAE04EC0-301F-11D3-BF4B-00C04F79EFBC}") = "UserAuthentication", "..\UserAuthentication\UserAuthentication.csproj", "{0E1819A2-368E-43BE-B6DE-DD21E05F3EFC}"
EndProject
Global
	GlobalSection(SolutionConfigurationPlatforms) = preSolution
		Debug|Any CPU = Debug|Any CPU
		Release|Any CPU = Release|Any CPU
	EndGlobalSection
	GlobalSection(ProjectConfigurationPlatforms) = postSolution
		{B3A536FA-5753-489A-9A53-9FB491BBF760}.Debug|Any CPU.ActiveCfg = Debug|Any CPU
		{B3A536FA-5753-489A-9A53-9FB491BBF760}.Debug|Any CPU.Build.0 = Debug|Any CPU
		{B3A536FA-5753-489A-9A53-9FB491BBF760}.Release|Any CPU.ActiveCfg = Release|Any CPU
		{B3A536FA-5753-489A-9A53-9FB491BBF760}.Release|Any CPU.Build.0 = Release|Any CPU
		{0E1819A2-368E-43BE-B6DE-DD21E05F3EFC}.Debug|Any CPU.ActiveCfg = Debug|Any CPU
		{0E1819A2-368E-43BE-B6DE-DD21E05F3EFC}.Debug|Any CPU.Build.0 = Debug|Any CPU
		{0E1819A2-368E-43BE-B6DE-DD21E05F3EFC}.Release|Any CPU.ActiveCfg = Release|Any CPU
		{0E1819A2-368E-43BE-B6DE-DD21E05F3EFC}.Release|Any CPU.Build.0 = Release|Any CPU
	EndGlobalSection
	GlobalSection(SolutionProperties) = preSolution
		HideSolutionNode = FALSE
	EndGlobalSection
	GlobalSection(ExtensibilityGlobals) = postSolution
		SolutionGuid = {2B24D2BC-ED53-4DFA-B3EE-96DBA0BDDF2E}
	EndGlobalSection
EndGlobal
